{
  "version": 4,
  "terraform_version": "1.2.1",
  "serial": 75,
  "lineage": "d001ebfa-2a0f-6276-044a-ae4aed4ee2c1",
  "outputs": {},
  "resources": [
    {
      "mode": "managed",
      "type": "digitalocean_droplet",
      "name": "myblog1",
      "provider": "provider[\"registry.terraform.io/digitalocean/digitalocean\"]",
      "instances": [
        {
          "status": "tainted",
          "schema_version": 1,
          "attributes": {
            "backups": false,
            "created_at": "2022-05-29T23:36:28Z",
            "disk": 25,
            "droplet_agent": null,
            "graceful_shutdown": false,
            "id": "301897267",
            "image": "centos-7-x64",
            "ipv4_address": "137.184.141.13",
            "ipv4_address_private": "192.168.10.3",
            "ipv6": false,
            "ipv6_address": "",
            "locked": false,
            "memory": 1024,
            "monitoring": true,
            "name": "myblog1",
            "price_hourly": 0.00744,
            "price_monthly": 5,
            "private_networking": true,
            "region": "nyc1",
            "resize_disk": true,
            "size": "s-1vcpu-1gb",
            "ssh_keys": [
              "34583369"
            ],
            "status": "active",
            "tags": null,
            "urn": "do:droplet:301897267",
            "user_data": null,
            "vcpus": 1,
            "volume_ids": [],
            "vpc_uuid": "e94f9b55-687a-4951-b896-ae3717cbd33d"
          },
          "sensitive_attributes": [],
          "private": "eyJzY2hlbWFfdmVyc2lvbiI6IjEifQ==",
          "dependencies": [
            "digitalocean_vpc.NetworkParcial"
          ]
        }
      ]
    },
    {
      "mode": "managed",
      "type": "digitalocean_droplet",
      "name": "myblog2",
      "provider": "provider[\"registry.terraform.io/digitalocean/digitalocean\"]",
      "instances": [
        {
          "status": "tainted",
          "schema_version": 1,
          "attributes": {
            "backups": false,
            "created_at": "2022-05-29T23:36:28Z",
            "disk": 25,
            "droplet_agent": null,
            "graceful_shutdown": false,
            "id": "301897266",
            "image": "centos-7-x64",
            "ipv4_address": "137.184.133.218",
            "ipv4_address_private": "192.168.10.2",
            "ipv6": false,
            "ipv6_address": "",
            "locked": false,
            "memory": 1024,
            "monitoring": true,
            "name": "myblog2",
            "price_hourly": 0.00744,
            "price_monthly": 5,
            "private_networking": true,
            "region": "nyc1",
            "resize_disk": true,
            "size": "s-1vcpu-1gb",
            "ssh_keys": [
              "34583369"
            ],
            "status": "active",
            "tags": null,
            "urn": "do:droplet:301897266",
            "user_data": null,
            "vcpus": 1,
            "volume_ids": [],
            "vpc_uuid": "e94f9b55-687a-4951-b896-ae3717cbd33d"
          },
          "sensitive_attributes": [],
          "private": "eyJzY2hlbWFfdmVyc2lvbiI6IjEifQ==",
          "dependencies": [
            "digitalocean_vpc.NetworkParcial"
          ]
        }
      ]
    },
    {
      "mode": "managed",
      "type": "digitalocean_loadbalancer",
      "name": "www-parcial",
      "provider": "provider[\"registry.terraform.io/digitalocean/digitalocean\"]",
      "instances": []
    },
    {
      "mode": "managed",
      "type": "digitalocean_vpc",
      "name": "NetworkParcial",
      "provider": "provider[\"registry.terraform.io/digitalocean/digitalocean\"]",
      "instances": [
        {
          "schema_version": 0,
          "attributes": {
            "created_at": "2022-05-29 23:36:27 +0000 UTC",
            "default": false,
            "description": "",
            "id": "e94f9b55-687a-4951-b896-ae3717cbd33d",
            "ip_range": "192.168.10.0/24",
            "name": "NetworkParcial",
            "region": "nyc1",
            "timeouts": null,
            "urn": "do:vpc:e94f9b55-687a-4951-b896-ae3717cbd33d"
          },
          "sensitive_attributes": [],
          "private": "eyJlMmJmYjczMC1lY2FhLTExZTYtOGY4OC0zNDM2M2JjN2M0YzAiOnsiZGVsZXRlIjoxMjAwMDAwMDAwMDB9fQ=="
        }
      ]
    }
  ]
}
