{
  "version": 4,
  "terraform_version": "1.2.1",
  "serial": 66,
  "lineage": "d001ebfa-2a0f-6276-044a-ae4aed4ee2c1",
  "outputs": {},
  "resources": [
    {
      "mode": "managed",
      "type": "digitalocean_droplet",
      "name": "myblog1",
      "provider": "provider[\"registry.terraform.io/digitalocean/digitalocean\"]",
      "instances": [
        {
          "schema_version": 1,
          "attributes": {
            "backups": false,
            "created_at": "2022-05-29T20:06:51Z",
            "disk": 25,
            "droplet_agent": null,
            "graceful_shutdown": false,
            "id": "301882866",
            "image": "centos-7-x64",
            "ipv4_address": "143.198.183.53",
            "ipv4_address_private": "192.168.10.3",
            "ipv6": false,
            "ipv6_address": "",
            "locked": false,
            "memory": 1024,
            "monitoring": true,
            "name": "myblog1",
            "price_hourly": 0.00744,
            "price_monthly": 5,
            "private_networking": true,
            "region": "nyc1",
            "resize_disk": true,
            "size": "s-1vcpu-1gb",
            "ssh_keys": [
              "34583369"
            ],
            "status": "active",
            "tags": null,
            "urn": "do:droplet:301882866",
            "user_data": null,
            "vcpus": 1,
            "volume_ids": [],
            "vpc_uuid": "c1be6cea-3c2c-43ed-992a-8f137df52cfe"
          },
          "sensitive_attributes": [],
          "private": "eyJzY2hlbWFfdmVyc2lvbiI6IjEifQ==",
          "dependencies": [
            "digitalocean_vpc.NetworkParcial"
          ]
        }
      ]
    },
    {
      "mode": "managed",
      "type": "digitalocean_droplet",
      "name": "myblog2",
      "provider": "provider[\"registry.terraform.io/digitalocean/digitalocean\"]",
      "instances": [
        {
          "schema_version": 1,
          "attributes": {
            "backups": false,
            "created_at": "2022-05-29T20:06:51Z",
            "disk": 25,
            "droplet_agent": null,
            "graceful_shutdown": false,
            "id": "301882865",
            "image": "centos-7-x64",
            "ipv4_address": "147.182.190.170",
            "ipv4_address_private": "192.168.10.2",
            "ipv6": false,
            "ipv6_address": "",
            "locked": false,
            "memory": 1024,
            "monitoring": true,
            "name": "myblog2",
            "price_hourly": 0.00744,
            "price_monthly": 5,
            "private_networking": true,
            "region": "nyc1",
            "resize_disk": true,
            "size": "s-1vcpu-1gb",
            "ssh_keys": [
              "34583369"
            ],
            "status": "active",
            "tags": null,
            "urn": "do:droplet:301882865",
            "user_data": null,
            "vcpus": 1,
            "volume_ids": [],
            "vpc_uuid": "c1be6cea-3c2c-43ed-992a-8f137df52cfe"
          },
          "sensitive_attributes": [],
          "private": "eyJzY2hlbWFfdmVyc2lvbiI6IjEifQ==",
          "dependencies": [
            "digitalocean_vpc.NetworkParcial"
          ]
        }
      ]
    },
    {
      "mode": "managed",
      "type": "digitalocean_loadbalancer",
      "name": "www-parcial",
      "provider": "provider[\"registry.terraform.io/digitalocean/digitalocean\"]",
      "instances": [
        {
          "schema_version": 1,
          "attributes": {
            "algorithm": "round_robin",
            "disable_lets_encrypt_dns_records": false,
            "droplet_ids": [
              301882865,
              301882866
            ],
            "droplet_tag": "",
            "enable_backend_keepalive": false,
            "enable_proxy_protocol": false,
            "forwarding_rule": [
              {
                "certificate_id": "",
                "certificate_name": "",
                "entry_port": 80,
                "entry_protocol": "http",
                "target_port": 80,
                "target_protocol": "http",
                "tls_passthrough": false
              }
            ],
            "healthcheck": [
              {
                "check_interval_seconds": 10,
                "healthy_threshold": 5,
                "path": "",
                "port": 80,
                "protocol": "tcp",
                "response_timeout_seconds": 5,
                "unhealthy_threshold": 3
              }
            ],
            "id": "95a0127a-39a4-478c-b7fb-3c968bfddb13",
            "ip": "165.227.254.77",
            "name": "www-parcial",
            "redirect_http_to_https": false,
            "region": "nyc1",
            "size": null,
            "size_unit": 1,
            "status": "active",
            "sticky_sessions": [
              {
                "cookie_name": "",
                "cookie_ttl_seconds": 0,
                "type": "none"
              }
            ],
            "urn": "do:loadbalancer:95a0127a-39a4-478c-b7fb-3c968bfddb13",
            "vpc_uuid": "c1be6cea-3c2c-43ed-992a-8f137df52cfe"
          },
          "sensitive_attributes": [],
          "private": "eyJzY2hlbWFfdmVyc2lvbiI6IjEifQ==",
          "dependencies": [
            "digitalocean_droplet.myblog1",
            "digitalocean_droplet.myblog2",
            "digitalocean_vpc.NetworkParcial"
          ]
        }
      ]
    },
    {
      "mode": "managed",
      "type": "digitalocean_vpc",
      "name": "NetworkParcial",
      "provider": "provider[\"registry.terraform.io/digitalocean/digitalocean\"]",
      "instances": [
        {
          "schema_version": 0,
          "attributes": {
            "created_at": "2022-05-29 20:06:50 +0000 UTC",
            "default": false,
            "description": "",
            "id": "c1be6cea-3c2c-43ed-992a-8f137df52cfe",
            "ip_range": "192.168.10.0/24",
            "name": "NetworkParcial",
            "region": "nyc1",
            "timeouts": null,
            "urn": "do:vpc:c1be6cea-3c2c-43ed-992a-8f137df52cfe"
          },
          "sensitive_attributes": [],
          "private": "eyJlMmJmYjczMC1lY2FhLTExZTYtOGY4OC0zNDM2M2JjN2M0YzAiOnsiZGVsZXRlIjoxMjAwMDAwMDAwMDB9fQ=="
        }
      ]
    }
  ]
}
